
Microsoft Visual Studio Solution File, Format Version 12.00
Project("{FAE04EC0-301F-11D3-BF4B-00C04F79EFBC}") = "KuveytTurkSignatureGenerator", "KuveytTurkSignatureGenerator.csproj", "{88F20519-9B88-414E-9487-2AFF1C55491F}"
EndProject
Global
	GlobalSection(SolutionConfigurationPlatforms) = preSolution
		Debug|Any CPU = Debug|Any CPU
		Release|Any CPU = Release|Any CPU
	EndGlobalSection
	GlobalSection(ProjectConfigurationPlatforms) = postSolution
		{88F20519-9B88-414E-9487-2AFF1C55491F}.Debug|Any CPU.ActiveCfg = Debug|Any CPU
		{88F20519-9B88-414E-9487-2AFF1C55491F}.Debug|Any CPU.Build.0 = Debug|Any CPU
		{88F20519-9B88-414E-9487-2AFF1C55491F}.Release|Any CPU.ActiveCfg = Release|Any CPU
		{88F20519-9B88-414E-9487-2AFF1C55491F}.Release|Any CPU.Build.0 = Release|Any CPU
	EndGlobalSection
EndGlobal
